
Microsoft Visual Studio Solution File, Format Version 12.00
# Visual Studio Version 17
VisualStudioVersion = 17.5.33516.290
MinimumVisualStudioVersion = 10.0.40219.1
Project("{FAE04EC0-301F-11D3-BF4B-00C04F79EFBC}") = "GPS_Tracker", "GPS_Tracker\GPS_Tracker.csproj", "{77223F62-CB73-4477-B727-8234461428FB}"
EndProject
Global
	GlobalSection(SolutionConfigurationPlatforms) = preSolution
		Debug|Any CPU = Debug|Any CPU
		Release|Any CPU = Release|Any CPU
	EndGlobalSection
	GlobalSection(ProjectConfigurationPlatforms) = postSolution
		{77223F62-CB73-4477-B727-8234461428FB}.Debug|Any CPU.ActiveCfg = Debug|Any CPU
		{77223F62-CB73-4477-B727-8234461428FB}.Debug|Any CPU.Build.0 = Debug|Any CPU
		{77223F62-CB73-4477-B727-8234461428FB}.Release|Any CPU.ActiveCfg = Release|Any CPU
		{77223F62-CB73-4477-B727-8234461428FB}.Release|Any CPU.Build.0 = Release|Any CPU
	EndGlobalSection
	GlobalSection(SolutionProperties) = preSolution
		HideSolutionNode = FALSE
	EndGlobalSection
	GlobalSection(ExtensibilityGlobals) = postSolution
		SolutionGuid = {530B2C3A-BE29-4E2E-9FE5-C9C2838CCCF5}
	EndGlobalSection
EndGlobal
